
Microsoft Visual Studio Solution File, Format Version 12.00
# Visual Studio 15
VisualStudioVersion = 15.0.28307.645
MinimumVisualStudioVersion = 10.0.40219.1
Project("{FAE04EC0-301F-11D3-BF4B-00C04F79EFBC}") = "TongJiBBS", "TongJiBBS\TongJiBBS.csproj", "{100CC14E-B576-4F96-B27A-F09B6C14B1E3}"
EndProject
Global
	GlobalSection(SolutionConfigurationPlatforms) = preSolution
		Debug|Any CPU = Debug|Any CPU
		Release|Any CPU = Release|Any CPU
	EndGlobalSection
	GlobalSection(ProjectConfigurationPlatforms) = postSolution
		{100CC14E-B576-4F96-B27A-F09B6C14B1E3}.Debug|Any CPU.ActiveCfg = Debug|Any CPU
		{100CC14E-B576-4F96-B27A-F09B6C14B1E3}.Debug|Any CPU.Build.0 = Debug|Any CPU
		{100CC14E-B576-4F96-B27A-F09B6C14B1E3}.Release|Any CPU.ActiveCfg = Release|Any CPU
		{100CC14E-B576-4F96-B27A-F09B6C14B1E3}.Release|Any CPU.Build.0 = Release|Any CPU
	EndGlobalSection
	GlobalSection(SolutionProperties) = preSolution
		HideSolutionNode = FALSE
	EndGlobalSection
	GlobalSection(ExtensibilityGlobals) = postSolution
		SolutionGuid = {CD7AC396-5997-4657-B38E-C4A972ED14F1}
	EndGlobalSection
EndGlobal
